
Microsoft Visual Studio Solution File, Format Version 12.00
# Visual Studio Version 16
VisualStudioVersion = 16.0.30225.117
MinimumVisualStudioVersion = 10.0.40219.1
Project("{8BC9CEB8-8B4A-11D0-8D11-00A0C91BC942}") = "HelloWorld and Basics", "CppBalla\CppBalla.vcxproj", "{76E98ED5-2D24-4BB6-859B-92C3ABFE6C40}"
EndProject
Project("{8BC9CEB8-8B4A-11D0-8D11-00A0C91BC942}") = "Basic IO", "Basic IO\Basic IO.vcxproj", "{DFCD3BCD-EBE0-4CAA-AB06-7AD932B308FA}"
EndProject
Project("{8BC9CEB8-8B4A-11D0-8D11-00A0C91BC942}") = "Circumference", "Circumference\Circumference.vcxproj", "{2148A980-EAB0-458C-9428-EDDFCB506847}"
EndProject
Project("{8BC9CEB8-8B4A-11D0-8D11-00A0C91BC942}") = "MultiplicationTable", "MultiplicationTable\MultiplicationTable.vcxproj", "{12F69B73-B2D7-48CF-854A-A0EC26AE0094}"
EndProject
Project("{8BC9CEB8-8B4A-11D0-8D11-00A0C91BC942}") = "Tükörszámok", "Tükörszámok\Tükörszámok.vcxproj", "{4BAD53CC-9A9C-43A8-8205-1DBBC2FD0CE1}"
EndProject
Global
	GlobalSection(SolutionConfigurationPlatforms) = preSolution
		Debug|x64 = Debug|x64
		Debug|x86 = Debug|x86
		Release|x64 = Release|x64
		Release|x86 = Release|x86
	EndGlobalSection
	GlobalSection(ProjectConfigurationPlatforms) = postSolution
		{76E98ED5-2D24-4BB6-859B-92C3ABFE6C40}.Debug|x64.ActiveCfg = Debug|x64
		{76E98ED5-2D24-4BB6-859B-92C3ABFE6C40}.Debug|x64.Build.0 = Debug|x64
		{76E98ED5-2D24-4BB6-859B-92C3ABFE6C40}.Debug|x86.ActiveCfg = Debug|Win32
		{76E98ED5-2D24-4BB6-859B-92C3ABFE6C40}.Debug|x86.Build.0 = Debug|Win32
		{76E98ED5-2D24-4BB6-859B-92C3ABFE6C40}.Release|x64.ActiveCfg = Release|x64
		{76E98ED5-2D24-4BB6-859B-92C3ABFE6C40}.Release|x64.Build.0 = Release|x64
		{76E98ED5-2D24-4BB6-859B-92C3ABFE6C40}.Release|x86.ActiveCfg = Release|Win32
		{76E98ED5-2D24-4BB6-859B-92C3ABFE6C40}.Release|x86.Build.0 = Release|Win32
		{DFCD3BCD-EBE0-4CAA-AB06-7AD932B308FA}.Debug|x64.ActiveCfg = Debug|x64
		{DFCD3BCD-EBE0-4CAA-AB06-7AD932B308FA}.Debug|x64.Build.0 = Debug|x64
		{DFCD3BCD-EBE0-4CAA-AB06-7AD932B308FA}.Debug|x86.ActiveCfg = Debug|Win32
		{DFCD3BCD-EBE0-4CAA-AB06-7AD932B308FA}.Debug|x86.Build.0 = Debug|Win32
		{DFCD3BCD-EBE0-4CAA-AB06-7AD932B308FA}.Release|x64.ActiveCfg = Release|x64
		{DFCD3BCD-EBE0-4CAA-AB06-7AD932B308FA}.Release|x64.Build.0 = Release|x64
		{DFCD3BCD-EBE0-4CAA-AB06-7AD932B308FA}.Release|x86.ActiveCfg = Release|Win32
		{DFCD3BCD-EBE0-4CAA-AB06-7AD932B308FA}.Release|x86.Build.0 = Release|Win32
		{2148A980-EAB0-458C-9428-EDDFCB506847}.Debug|x64.ActiveCfg = Debug|x64
		{2148A980-EAB0-458C-9428-EDDFCB506847}.Debug|x64.Build.0 = Debug|x64
		{2148A980-EAB0-458C-9428-EDDFCB506847}.Debug|x86.ActiveCfg = Debug|Win32
		{2148A980-EAB0-458C-9428-EDDFCB506847}.Debug|x86.Build.0 = Debug|Win32
		{2148A980-EAB0-458C-9428-EDDFCB506847}.Release|x64.ActiveCfg = Release|x64
		{2148A980-EAB0-458C-9428-EDDFCB506847}.Release|x64.Build.0 = Release|x64
		{2148A980-EAB0-458C-9428-EDDFCB506847}.Release|x86.ActiveCfg = Release|Win32
		{2148A980-EAB0-458C-9428-EDDFCB506847}.Release|x86.Build.0 = Release|Win32
		{12F69B73-B2D7-48CF-854A-A0EC26AE0094}.Debug|x64.ActiveCfg = Debug|x64
		{12F69B73-B2D7-48CF-854A-A0EC26AE0094}.Debug|x64.Build.0 = Debug|x64
		{12F69B73-B2D7-48CF-854A-A0EC26AE0094}.Debug|x86.ActiveCfg = Debug|Win32
		{12F69B73-B2D7-48CF-854A-A0EC26AE0094}.Debug|x86.Build.0 = Debug|Win32
		{12F69B73-B2D7-48CF-854A-A0EC26AE0094}.Release|x64.ActiveCfg = Release|x64
		{12F69B73-B2D7-48CF-854A-A0EC26AE0094}.Release|x64.Build.0 = Release|x64
		{12F69B73-B2D7-48CF-854A-A0EC26AE0094}.Release|x86.ActiveCfg = Release|Win32
		{12F69B73-B2D7-48CF-854A-A0EC26AE0094}.Release|x86.Build.0 = Release|Win32
		{4BAD53CC-9A9C-43A8-8205-1DBBC2FD0CE1}.Debug|x64.ActiveCfg = Debug|x64
		{4BAD53CC-9A9C-43A8-8205-1DBBC2FD0CE1}.Debug|x64.Build.0 = Debug|x64
		{4BAD53CC-9A9C-43A8-8205-1DBBC2FD0CE1}.Debug|x86.ActiveCfg = Debug|Win32
		{4BAD53CC-9A9C-43A8-8205-1DBBC2FD0CE1}.Debug|x86.Build.0 = Debug|Win32
		{4BAD53CC-9A9C-43A8-8205-1DBBC2FD0CE1}.Release|x64.ActiveCfg = Release|x64
		{4BAD53CC-9A9C-43A8-8205-1DBBC2FD0CE1}.Release|x64.Build.0 = Release|x64
		{4BAD53CC-9A9C-43A8-8205-1DBBC2FD0CE1}.Release|x86.ActiveCfg = Release|Win32
		{4BAD53CC-9A9C-43A8-8205-1DBBC2FD0CE1}.Release|x86.Build.0 = Release|Win32
	EndGlobalSection
	GlobalSection(SolutionProperties) = preSolution
		HideSolutionNode = FALSE
	EndGlobalSection
	GlobalSection(ExtensibilityGlobals) = postSolution
		SolutionGuid = {46102131-3BAE-4DFC-8723-CFEFC1E49EC1}
	EndGlobalSection
EndGlobal
